
Microsoft Visual Studio Solution File, Format Version 12.00
# Visual Studio Version 17
VisualStudioVersion = 17.1.32414.318
MinimumVisualStudioVersion = 10.0.40219.1
Project("{9A19103F-16F7-4668-BE54-9A1E7A4F7556}") = "DzOtus", "DZ_SOLID\DzOtus.csproj", "{430B79FB-AA8A-4CF7-A7CC-EA138261C35B}"
EndProject
Project("{FAE04EC0-301F-11D3-BF4B-00C04F79EFBC}") = "ConsoleApp1", "ConsoleApp1\ConsoleApp1.csproj", "{A8E81072-9095-4BB6-83C0-CEC31BC7C3B4}"
EndProject
Global
	GlobalSection(SolutionConfigurationPlatforms) = preSolution
		Debug|Any CPU = Debug|Any CPU
		Release|Any CPU = Release|Any CPU
	EndGlobalSection
	GlobalSection(ProjectConfigurationPlatforms) = postSolution
		{430B79FB-AA8A-4CF7-A7CC-EA138261C35B}.Debug|Any CPU.ActiveCfg = Debug|Any CPU
		{430B79FB-AA8A-4CF7-A7CC-EA138261C35B}.Debug|Any CPU.Build.0 = Debug|Any CPU
		{430B79FB-AA8A-4CF7-A7CC-EA138261C35B}.Release|Any CPU.ActiveCfg = Release|Any CPU
		{430B79FB-AA8A-4CF7-A7CC-EA138261C35B}.Release|Any CPU.Build.0 = Release|Any CPU
		{A8E81072-9095-4BB6-83C0-CEC31BC7C3B4}.Debug|Any CPU.ActiveCfg = Debug|Any CPU
		{A8E81072-9095-4BB6-83C0-CEC31BC7C3B4}.Debug|Any CPU.Build.0 = Debug|Any CPU
		{A8E81072-9095-4BB6-83C0-CEC31BC7C3B4}.Release|Any CPU.ActiveCfg = Release|Any CPU
		{A8E81072-9095-4BB6-83C0-CEC31BC7C3B4}.Release|Any CPU.Build.0 = Release|Any CPU
	EndGlobalSection
	GlobalSection(SolutionProperties) = preSolution
		HideSolutionNode = FALSE
	EndGlobalSection
	GlobalSection(ExtensibilityGlobals) = postSolution
		SolutionGuid = {005DB0C9-788A-4227-AE14-9DEEDF4F9A25}
	EndGlobalSection
EndGlobal
